version = 1
revision = 3
requires-python = "==3.13.*"

[[package]]
name = "alembic"
version = "1.17.2"
source = { registry = "https://pypi.org/simple" }
dependencies = [
    { name = "mako" },
    { name = "sqlalchemy" },
    { name = "typing-extensions" },
]
sdist = { url = "https://files.pythonhosted.org/packages/02/a6/74c8cadc2882977d80ad756a13857857dbcf9bd405bc80b662eb10651282/alembic-1.17.2.tar.gz", hash = "sha256:bbe9751705c5e0f14877f02d46c53d10885e377e3d90eda810a016f9baa19e8e", size = 1988064, upload-time = "2025-11-14T20:35:04.057Z" }
wheels = [
    { url = "https://files.pythonhosted.org/packages/ba/88/6237e97e3385b57b5f1528647addea5cc03d4d65d5979ab24327d41fb00d/alembic-1.17.2-py3-none-any.whl", hash = "sha256:f483dd1fe93f6c5d49217055e4d15b905b425b6af906746abb35b69c1996c4e6", size = 248554, upload-time = "2025-11-14T20:35:05.699Z" },
]

[[package]]
name = "annotated-doc"
version = "0.0.4"
source = { registry = "https://pypi.org/simple" }
sdist = { url = "https://files.pythonhosted.org/packages/57/ba/046ceea27344560984e26a590f90bc7f4a75b06701f653222458922b558c/annotated_doc-0.0.4.tar.gz", hash = "sha256:fbcda96e87e9c92ad167c2e53839e57503ecfda18804ea28102353485033faa4", size = 7288, upload-time = "2025-11-10T22:07:42.062Z" }
wheels = [
    { url = "https://files.pythonhosted.org/packages/1e/d3/26bf1008eb3d2daa8ef4cacc7f3bfdc11818d111f7e2d0201bc6e3b49d45/annotated_doc-0.0.4-py3-none-any.whl", hash = "sha256:571ac1dc6991c450b25a9c2d84a3705e2ae7a53467b5d111c24fa8baabbed320", size = 5303, upload-time = "2025-11-10T22:07:40.673Z" },
]

[[package]]
name = "annotated-types"
version = "0.7.0"
source = { registry = "https://pypi.org/simple" }
sdist = { url = "https://files.pythonhosted.org/packages/ee/67/531ea369ba64dcff5ec9c3402f9f51bf748cec26dde048a2f973a4eea7f5/annotated_types-0.7.0.tar.gz", hash = "sha256:aff07c09a53a08bc8cfccb9c85b05f1aa9a2a6f23728d790723543408344ce89", size = 16081, upload-time = "2024-05-20T21:33:25.928Z" }
wheels = [
    { url = "https://files.pythonhosted.org/packages/78/b6/6307fbef88d9b5ee7421e68d78a9f162e0da4900bc5f5793f6d3d0e34fb8/annotated_types-0.7.0-py3-none-any.whl", hash = "sha256:1f02e8b43a8fbbc3f3e0d4f0f4bfc8131bcb4eebe8849b8e5c773f3a1c582a53", size = 13643, upload-time = "2024-05-20T21:33:24.1Z" },
]

[[package]]
name = "anyio"
version = "4.11.0"
source = { registry = "https://pypi.org/simple" }
dependencies = [
    { name = "idna" },
    { name = "sniffio" },
]
sdist = { url = "https://files.pythonhosted.org/packages/c6/78/7d432127c41b50bccba979505f272c16cbcadcc33645d5fa3a738110ae75/anyio-4.11.0.tar.gz", hash = "sha256:82a8d0b81e318cc5ce71a5f1f8b5c4e63619620b63141ef8c995fa0db95a57c4", size = 219094, upload-time = "2025-09-23T09:19:12.58Z" }
wheels = [
    { url = "https://files.pythonhosted.org/packages/15/b3/9b1a8074496371342ec1e796a96f99c82c945a339cd81a8e73de28b4cf9e/anyio-4.11.0-py3-none-any.whl", hash = "sha256:0287e96f4d26d4149305414d4e3bc32f0dcd0862365a4bddea19d7a1ec38c4fc", size = 109097, upload-time = "2025-09-23T09:19:10.601Z" },
]

[[package]]
name = "asyncpg"
version = "0.31.0"
source = { registry = "https://pypi.org/simple" }
sdist = { url = "https://files.pythonhosted.org/packages/fe/cc/d18065ce2380d80b1bcce927c24a2642efd38918e33fd724bc4bca904877/asyncpg-0.31.0.tar.gz", hash = "sha256:c989386c83940bfbd787180f2b1519415e2d3d6277a70d9d0f0145ac73500735", size = 993667, upload-time = "2025-11-24T23:27:00.812Z" }
wheels = [
    { url = "https://files.pythonhosted.org/packages/95/11/97b5c2af72a5d0b9bc3fa30cd4b9ce22284a9a943a150fdc768763caf035/asyncpg-0.31.0-cp313-cp313-macosx_10_13_x86_64.whl", hash = "sha256:c204fab1b91e08b0f47e90a75d1b3c62174dab21f670ad6c5d0f243a228f015b", size = 661111, upload-time = "2025-11-24T23:26:04.467Z" },
    { url = "https://files.pythonhosted.org/packages/1b/71/157d611c791a5e2d0423f09f027bd499935f0906e0c2a416ce712ba51ef3/asyncpg-0.31.0-cp313-cp313-macosx_11_0_arm64.whl", hash = "sha256:54a64f91839ba59008eccf7aad2e93d6e3de688d796f35803235ea1c4898ae1e", size = 636928, upload-time = "2025-11-24T23:26:05.944Z" },
    { url = "https://files.pythonhosted.org/packages/2e/fc/9e3486fb2bbe69d4a867c0b76d68542650a7ff1574ca40e84c3111bb0c6e/asyncpg-0.31.0-cp313-cp313-manylinux2014_aarch64.manylinux_2_17_aarch64.manylinux_2_28_aarch64.whl", hash = "sha256:c0e0822b1038dc7253b337b0f3f676cadc4ac31b126c5d42691c39691962e403", size = 3424067, upload-time = "2025-11-24T23:26:07.957Z" },
    { url = "https://files.pythonhosted.org/packages/12/c6/8c9d076f73f07f995013c791e018a1cd5f31823c2a3187fc8581706aa00f/asyncpg-0.31.0-cp313-cp313-manylinux2014_x86_64.manylinux_2_17_x86_64.manylinux_2_28_x86_64.whl", hash = "sha256:bef056aa502ee34204c161c72ca1f3c274917596877f825968368b2c33f585f4", size = 3518156, upload-time = "2025-11-24T23:26:09.591Z" },
    { url = "https://files.pythonhosted.org/packages/ae/3b/60683a0baf50fbc546499cfb53132cb6835b92b529a05f6a81471ab60d0c/asyncpg-0.31.0-cp313-cp313-musllinux_1_2_aarch64.whl", hash = "sha256:0bfbcc5b7ffcd9b75ab1558f00db2ae07db9c80637ad1b2469c43df79d7a5ae2", size = 3319636, upload-time = "2025-11-24T23:26:11.168Z" },
    { url = "https://files.pythonhosted.org/packages/50/dc/8487df0f69bd398a61e1792b3cba0e47477f214eff085ba0efa7eac9ce87/asyncpg-0.31.0-cp313-cp313-musllinux_1_2_x86_64.whl", hash = "sha256:22bc525ebbdc24d1261ecbf6f504998244d4e3be1721784b5f64664d61fbe602", size = 3472079, upload-time = "2025-11-24T23:26:13.164Z" },
    { url = "https://files.pythonhosted.org/packages/13/a1/c5bbeeb8531c05c89135cb8b28575ac2fac618bcb60119ee9696c3faf71c/asyncpg-0.31.0-cp313-cp313-win32.whl", hash = "sha256:f890de5e1e4f7e14023619399a471ce4b71f5418cd67a51853b9910fdfa73696", size = 527606, upload-time = "2025-11-24T23:26:14.78Z" },
    { url = "https://files.pythonhosted.org/packages/91/66/b25ccb84a246b470eb943b0107c07edcae51804912b824054b3413995a10/asyncpg-0.31.0-cp313-cp313-win_amd64.whl", hash = "sha256:dc5f2fa9916f292e5c5c8b2ac2813763bcd7f58e130055b4ad8a0531314201ab", size = 596569, upload-time = "2025-11-24T23:26:16.189Z" },
]

[[package]]
name = "certifi"
version = "2025.11.12"
source = { registry = "https://pypi.org/simple" }
sdist = { url = "https://files.pythonhosted.org/packages/a2/8c/58f469717fa48465e4a50c014a0400602d3c437d7c0c468e17ada824da3a/certifi-2025.11.12.tar.gz", hash = "sha256:d8ab5478f2ecd78af242878415affce761ca6bc54a22a27e026d7c25357c3316", size = 160538, upload-time = "2025-11-12T02:54:51.517Z" }
wheels = [
    { url = "https://files.pythonhosted.org/packages/70/7d/9bc192684cea499815ff478dfcdc13835ddf401365057044fb721ec6bddb/certifi-2025.11.12-py3-none-any.whl", hash = "sha256:97de8790030bbd5c2d96b7ec782fc2f7820ef8dba6db909ccf95449f2d062d4b", size = 159438, upload-time = "2025-11-12T02:54:49.735Z" },
]

[[package]]
name = "click"
version = "8.3.1"
source = { registry = "https://pypi.org/simple" }
dependencies = [
    { name = "colorama", marker = "sys_platform == 'win32'" },
]
sdist = { url = "https://files.pythonhosted.org/packages/3d/fa/656b739db8587d7b5dfa22e22ed02566950fbfbcdc20311993483657a5c0/click-8.3.1.tar.gz", hash = "sha256:12ff4785d337a1bb490bb7e9c2b1ee5da3112e94a8622f26a6c77f5d2fc6842a", size = 295065, upload-time = "2025-11-15T20:45:42.706Z" }
wheels = [
    { url = "https://files.pythonhosted.org/packages/98/78/01c019cdb5d6498122777c1a43056ebb3ebfeef2076d9d026bfe15583b2b/click-8.3.1-py3-none-any.whl", hash = "sha256:981153a64e25f12d547d3426c367a4857371575ee7ad18df2a6183ab0545b2a6", size = 108274, upload-time = "2025-11-15T20:45:41.139Z" },
]

[[package]]
name = "colorama"
version = "0.4.6"
source = { registry = "https://pypi.org/simple" }
sdist = { url = "https://files.pythonhosted.org/packages/d8/53/6f443c9a4a8358a93a6792e2acffb9d9d5cb0a5cfd8802644b7b1c9a02e4/colorama-0.4.6.tar.gz", hash = "sha256:08695f5cb7ed6e0531a20572697297273c47b8cae5a63ffc6d6ed5c201be6e44", size = 27697, upload-time = "2022-10-25T02:36:22.414Z" }
wheels = [
    { url = "https://files.pythonhosted.org/packages/d1/d6/3965ed04c63042e047cb6a3e6ed1a63a35087b6a609aa3a15ed8ac56c221/colorama-0.4.6-py2.py3-none-any.whl", hash = "sha256:4f1d9991f5acc0ca119f9d443620b77f9d6b33703e51011c16baf57afb285fc6", size = 25335, upload-time = "2022-10-25T02:36:20.889Z" },
]

[[package]]
name = "fastapi"
version = "0.122.0"
source = { registry = "https://pypi.org/simple" }
dependencies = [
    { name = "annotated-doc" },
    { name = "pydantic" },
    { name = "starlette" },
    { name = "typing-extensions" },
]
sdist = { url = "https://files.pythonhosted.org/packages/b2/de/3ee97a4f6ffef1fb70bf20561e4f88531633bb5045dc6cebc0f8471f764d/fastapi-0.122.0.tar.gz", hash = "sha256:cd9b5352031f93773228af8b4c443eedc2ac2aa74b27780387b853c3726fb94b", size = 346436, upload-time = "2025-11-24T19:17:47.95Z" }
wheels = [
    { url = "https://files.pythonhosted.org/packages/7a/93/aa8072af4ff37b795f6bbf43dcaf61115f40f49935c7dbb180c9afc3f421/fastapi-0.122.0-py3-none-any.whl", hash = "sha256:a456e8915dfc6c8914a50d9651133bd47ec96d331c5b44600baa635538a30d67", size = 110671, upload-time = "2025-11-24T19:17:45.96Z" },
]

[[package]]
name = "greenlet"
version = "3.2.4"
source = { registry = "https://pypi.org/simple" }
sdist = { url = "https://files.pythonhosted.org/packages/03/b8/704d753a5a45507a7aab61f18db9509302ed3d0a27ac7e0359ec2905b1a6/greenlet-3.2.4.tar.gz", hash = "sha256:0dca0d95ff849f9a364385f36ab49f50065d76964944638be9691e1832e9f86d", size = 188260, upload-time = "2025-08-07T13:24:33.51Z" }
wheels = [
    { url = "https://files.pythonhosted.org/packages/49/e8/58c7f85958bda41dafea50497cbd59738c5c43dbbea5ee83d651234398f4/greenlet-3.2.4-cp313-cp313-macosx_11_0_universal2.whl", hash = "sha256:1a921e542453fe531144e91e1feedf12e07351b1cf6c9e8a3325ea600a715a31", size = 272814, upload-time = "2025-08-07T13:15:50.011Z" },
    { url = "https://files.pythonhosted.org/packages/62/dd/b9f59862e9e257a16e4e610480cfffd29e3fae018a68c2332090b53aac3d/greenlet-3.2.4-cp313-cp313-manylinux2014_aarch64.manylinux_2_17_aarch64.whl", hash = "sha256:cd3c8e693bff0fff6ba55f140bf390fa92c994083f838fece0f63be121334945", size = 641073, upload-time = "2025-08-07T13:42:57.23Z" },
    { url = "https://files.pythonhosted.org/packages/f7/0b/bc13f787394920b23073ca3b6c4a7a21396301ed75a655bcb47196b50e6e/greenlet-3.2.4-cp313-cp313-manylinux2014_ppc64le.manylinux_2_17_ppc64le.whl", hash = "sha256:710638eb93b1fa52823aa91bf75326f9ecdfd5e0466f00789246a5280f4ba0fc", size = 655191, upload-time = "2025-08-07T13:45:29.752Z" },
    { url = "https://files.pythonhosted.org/packages/f2/d6/6adde57d1345a8d0f14d31e4ab9c23cfe8e2cd39c3baf7674b4b0338d266/greenlet-3.2.4-cp313-cp313-manylinux2014_s390x.manylinux_2_17_s390x.whl", hash = "sha256:c5111ccdc9c88f423426df3fd1811bfc40ed66264d35aa373420a34377efc98a", size = 649516, upload-time = "2025-08-07T13:53:16.314Z" },
    { url = "https://files.pythonhosted.org/packages/7f/3b/3a3328a788d4a473889a2d403199932be55b1b0060f4ddd96ee7cdfcad10/greenlet-3.2.4-cp313-cp313-manylinux2014_x86_64.manylinux_2_17_x86_64.whl", hash = "sha256:d76383238584e9711e20ebe14db6c88ddcedc1829a9ad31a584389463b5aa504", size = 652169, upload-time = "2025-08-07T13:18:32.861Z" },
    { url = "https://files.pythonhosted.org/packages/ee/43/3cecdc0349359e1a527cbf2e3e28e5f8f06d3343aaf82ca13437a9aa290f/greenlet-3.2.4-cp313-cp313-manylinux_2_24_x86_64.manylinux_2_28_x86_64.whl", hash = "sha256:23768528f2911bcd7e475210822ffb5254ed10d71f4028387e5a99b4c6699671", size = 610497, upload-time = "2025-08-07T13:18:31.636Z" },
    { url = "https://files.pythonhosted.org/packages/b8/19/06b6cf5d604e2c382a6f31cafafd6f33d5dea706f4db7bdab184bad2b21d/greenlet-3.2.4-cp313-cp313-musllinux_1_1_aarch64.whl", hash = "sha256:00fadb3fedccc447f517ee0d3fd8fe49eae949e1cd0f6a611818f4f6fb7dc83b", size = 1121662, upload-time = "2025-08-07T13:42:41.117Z" },
    { url = "https://files.pythonhosted.org/packages/a2/15/0d5e4e1a66fab130d98168fe984c509249c833c1a3c16806b90f253ce7b9/greenlet-3.2.4-cp313-cp313-musllinux_1_1_x86_64.whl", hash = "sha256:d25c5091190f2dc0eaa3f950252122edbbadbb682aa7b1ef2f8af0f8c0afefae", size = 1149210, upload-time = "2025-08-07T13:18:24.072Z" },
    { url = "https://files.pythonhosted.org/packages/1c/53/f9c440463b3057485b8594d7a638bed53ba531165ef0ca0e6c364b5cc807/greenlet-3.2.4-cp313-cp313-musllinux_1_2_aarch64.whl", hash = "sha256:6e343822feb58ac4d0a1211bd9399de2b3a04963ddeec21530fc426cc121f19b", size = 1564759, upload-time = "2025-11-04T12:42:19.395Z" },
    { url = "https://files.pythonhosted.org/packages/47/e4/3bb4240abdd0a8d23f4f88adec746a3099f0d86bfedb623f063b2e3b4df0/greenlet-3.2.4-cp313-cp313-musllinux_1_2_x86_64.whl", hash = "sha256:ca7f6f1f2649b89ce02f6f229d7c19f680a6238af656f61e0115b24857917929", size = 1634288, upload-time = "2025-11-04T12:42:21.174Z" },
    { url = "https://files.pythonhosted.org/packages/0b/55/2321e43595e6801e105fcfdee02b34c0f996eb71e6ddffca6b10b7e1d771/greenlet-3.2.4-cp313-cp313-win_amd64.whl", hash = "sha256:554b03b6e73aaabec3745364d6239e9e012d64c68ccd0b8430c64ccc14939a8b", size = 299685, upload-time = "2025-08-07T13:24:38.824Z" },
]

[[package]]
name = "h11"
version = "0.16.0"
source = { registry = "https://pypi.org/simple" }
sdist = { url = "https://files.pythonhosted.org/packages/01/ee/02a2c011bdab74c6fb3c75474d40b3052059d95df7e73351460c8588d963/h11-0.16.0.tar.gz", hash = "sha256:4e35b956cf45792e4caa5885e69fba00bdbc6ffafbfa020300e549b208ee5ff1", size = 101250, upload-time = "2025-04-24T03:35:25.427Z" }
wheels = [
    { url = "https://files.pythonhosted.org/packages/04/4b/29cac41a4d98d144bf5f6d33995617b185d14b22401f75ca86f384e87ff1/h11-0.16.0-py3-none-any.whl", hash = "sha256:63cf8bbe7522de3bf65932fda1d9c2772064ffb3dae62d55932da54b31cb6c86", size = 37515, upload-time = "2025-04-24T03:35:24.344Z" },
]

[[package]]
name = "httpcore"
version = "1.0.9"
source = { registry = "https://pypi.org/simple" }
dependencies = [
    { name = "certifi" },
    { name = "h11" },
]
sdist = { url = "https://files.pythonhosted.org/packages/06/94/82699a10bca87a5556c9c59b5963f2d039dbd239f25bc2a63907a05a14cb/httpcore-1.0.9.tar.gz", hash = "sha256:6e34463af53fd2ab5d807f399a9b45ea31c3dfa2276f15a2c3f00afff6e176e8", size = 85484, upload-time = "2025-04-24T22:06:22.219Z" }
wheels = [
    { url = "https://files.pythonhosted.org/packages/7e/f5/f66802a942d491edb555dd61e3a9961140fd64c90bce1eafd741609d334d/httpcore-1.0.9-py3-none-any.whl", hash = "sha256:2d400746a40668fc9dec9810239072b40b4484b640a8c38fd654a024c7a1bf55", size = 78784, upload-time = "2025-04-24T22:06:20.566Z" },
]

[[package]]
name = "httpx"
version = "0.28.1"
source = { registry = "https://pypi.org/simple" }
dependencies = [
    { name = "anyio" },
    { name = "certifi" },
    { name = "httpcore" },
    { name = "idna" },
]
sdist = { url = "https://files.pythonhosted.org/packages/b1/df/48c586a5fe32a0f01324ee087459e112ebb7224f646c0b5023f5e79e9956/httpx-0.28.1.tar.gz", hash = "sha256:75e98c5f16b0f35b567856f597f06ff2270a374470a5c2392242528e3e3e42fc", size = 141406, upload-time = "2024-12-06T15:37:23.222Z" }
wheels = [
    { url = "https://files.pythonhosted.org/packages/2a/39/e50c7c3a983047577ee07d2a9e53faf5a69493943ec3f6a384bdc792deb2/httpx-0.28.1-py3-none-any.whl", hash = "sha256:d909fcccc110f8c7faf814ca82a9a4d816bc5a6dbfea25d6591d6985b8ba59ad", size = 73517, upload-time = "2024-12-06T15:37:21.509Z" },
]

[[package]]
name = "idna"
version = "3.11"
source = { registry = "https://pypi.org/simple" }
sdist = { url = "https://files.pythonhosted.org/packages/6f/6d/0703ccc57f3a7233505399edb88de3cbd678da106337b9fcde432b65ed60/idna-3.11.tar.gz", hash = "sha256:795dafcc9c04ed0c1fb032c2aa73654d8e8c5023a7df64a53f39190ada629902", size = 194582, upload-time = "2025-10-12T14:55:20.501Z" }
wheels = [
    { url = "https://files.pythonhosted.org/packages/0e/61/66938bbb5fc52dbdf84594873d5b51fb1f7c7794e9c0f5bd885f30bc507b/idna-3.11-py3-none-any.whl", hash = "sha256:771a87f49d9defaf64091e6e6fe9c18d4833f140bd19464795bc32d966ca37ea", size = 71008, upload-time = "2025-10-12T14:55:18.883Z" },
]

[[package]]
name = "iniconfig"
version = "2.3.0"
source = { registry = "https://pypi.org/simple" }
sdist = { url = "https://files.pythonhosted.org/packages/72/34/14ca021ce8e5dfedc35312d08ba8bf51fdd999c576889fc2c24cb97f4f10/iniconfig-2.3.0.tar.gz", hash = "sha256:c76315c77db068650d49c5b56314774a7804df16fee4402c1f19d6d15d8c4730", size = 20503, upload-time = "2025-10-18T21:55:43.219Z" }
wheels = [
    { url = "https://files.pythonhosted.org/packages/cb/b1/3846dd7f199d53cb17f49cba7e651e9ce294d8497c8c150530ed11865bb8/iniconfig-2.3.0-py3-none-any.whl", hash = "sha256:f631c04d2c48c52b84d0d0549c99ff3859c98df65b3101406327ecc7d53fbf12", size = 7484, upload-time = "2025-10-18T21:55:41.639Z" },
]

[[package]]
name = "mako"
version = "1.3.10"
source = { registry = "https://pypi.org/simple" }
dependencies = [
    { name = "markupsafe" },
]
sdist = { url = "https://files.pythonhosted.org/packages/9e/38/bd5b78a920a64d708fe6bc8e0a2c075e1389d53bef8413725c63ba041535/mako-1.3.10.tar.gz", hash = "sha256:99579a6f39583fa7e5630a28c3c1f440e4e97a414b80372649c0ce338da2ea28", size = 392474, upload-time = "2025-04-10T12:44:31.16Z" }
wheels = [
    { url = "https://files.pythonhosted.org/packages/87/fb/99f81ac72ae23375f22b7afdb7642aba97c00a713c217124420147681a2f/mako-1.3.10-py3-none-any.whl", hash = "sha256:baef24a52fc4fc514a0887ac600f9f1cff3d82c61d4d700a1fa84d597b88db59", size = 78509, upload-time = "2025-04-10T12:50:53.297Z" },
]

[[package]]
name = "markupsafe"
version = "3.0.3"
source = { registry = "https://pypi.org/simple" }
sdist = { url = "https://files.pythonhosted.org/packages/7e/99/7690b6d4034fffd95959cbe0c02de8deb3098cc577c67bb6a24fe5d7caa7/markupsafe-3.0.3.tar.gz", hash = "sha256:722695808f4b6457b320fdc131280796bdceb04ab50fe1795cd540799ebe1698", size = 80313, upload-time = "2025-09-27T18:37:40.426Z" }
wheels = [
    { url = "https://files.pythonhosted.org/packages/38/2f/907b9c7bbba283e68f20259574b13d005c121a0fa4c175f9bed27c4597ff/markupsafe-3.0.3-cp313-cp313-macosx_10_13_x86_64.whl", hash = "sha256:e1cf1972137e83c5d4c136c43ced9ac51d0e124706ee1c8aa8532c1287fa8795", size = 11622, upload-time = "2025-09-27T18:36:41.777Z" },
    { url = "https://files.pythonhosted.org/packages/9c/d9/5f7756922cdd676869eca1c4e3c0cd0df60ed30199ffd775e319089cb3ed/markupsafe-3.0.3-cp313-cp313-macosx_11_0_arm64.whl", hash = "sha256:116bb52f642a37c115f517494ea5feb03889e04df47eeff5b130b1808ce7c219", size = 12029, upload-time = "2025-09-27T18:36:43.257Z" },
    { url = "https://files.pythonhosted.org/packages/00/07/575a68c754943058c78f30db02ee03a64b3c638586fba6a6dd56830b30a3/markupsafe-3.0.3-cp313-cp313-manylinux2014_aarch64.manylinux_2_17_aarch64.manylinux_2_28_aarch64.whl", hash = "sha256:133a43e73a802c5562be9bbcd03d090aa5a1fe899db609c29e8c8d815c5f6de6", size = 24374, upload-time = "2025-09-27T18:36:44.508Z" },
    { url = "https://files.pythonhosted.org/packages/a9/21/9b05698b46f218fc0e118e1f8168395c65c8a2c750ae2bab54fc4bd4e0e8/markupsafe-3.0.3-cp313-cp313-manylinux2014_x86_64.manylinux_2_17_x86_64.manylinux_2_28_x86_64.whl", hash = "sha256:ccfcd093f13f0f0b7fdd0f198b90053bf7b2f02a3927a30e63f3ccc9df56b676", size = 22980, upload-time = "2025-09-27T18:36:45.385Z" },
    { url = "https://files.pythonhosted.org/packages/7f/71/544260864f893f18b6827315b988c146b559391e6e7e8f7252839b1b846a/markupsafe-3.0.3-cp313-cp313-manylinux_2_31_riscv64.manylinux_2_39_riscv64.whl", hash = "sha256:509fa21c6deb7a7a273d629cf5ec029bc209d1a51178615ddf718f5918992ab9", size = 21990, upload-time = "2025-09-27T18:36:46.916Z" },
    { url = "https://files.pythonhosted.org/packages/c2/28/b50fc2f74d1ad761af2f5dcce7492648b983d00a65b8c0e0cb457c82ebbe/markupsafe-3.0.3-cp313-cp313-musllinux_1_2_aarch64.whl", hash = "sha256:a4afe79fb3de0b7097d81da19090f4df4f8d3a2b3adaa8764138aac2e44f3af1", size = 23784, upload-time = "2025-09-27T18:36:47.884Z" },
    { url = "https://files.pythonhosted.org/packages/ed/76/104b2aa106a208da8b17a2fb72e033a5a9d7073c68f7e508b94916ed47a9/markupsafe-3.0.3-cp313-cp313-musllinux_1_2_riscv64.whl", hash = "sha256:795e7751525cae078558e679d646ae45574b47ed6e7771863fcc079a6171a0fc", size = 21588, upload-time = "2025-09-27T18:36:48.82Z" },
    { url = "https://files.pythonhosted.org/packages/b5/99/16a5eb2d140087ebd97180d95249b00a03aa87e29cc224056274f2e45fd6/markupsafe-3.0.3-cp313-cp313-musllinux_1_2_x86_64.whl", hash = "sha256:8485f406a96febb5140bfeca44a73e3ce5116b2501ac54fe953e488fb1d03b12", size = 23041, upload-time = "2025-09-27T18:36:49.797Z" },
    { url = "https://files.pythonhosted.org/packages/19/bc/e7140ed90c5d61d77cea142eed9f9c303f4c4806f60a1044c13e3f1471d0/markupsafe-3.0.3-cp313-cp313-win32.whl", hash = "sha256:bdd37121970bfd8be76c5fb069c7751683bdf373db1ed6c010162b2a130248ed", size = 14543, upload-time = "2025-09-27T18:36:51.584Z" },
    { url = "https://files.pythonhosted.org/packages/05/73/c4abe620b841b6b791f2edc248f556900667a5a1cf023a6646967ae98335/markupsafe-3.0.3-cp313-cp313-win_amd64.whl", hash = "sha256:9a1abfdc021a164803f4d485104931fb8f8c1efd55bc6b748d2f5774e78b62c5", size = 15113, upload-time = "2025-09-27T18:36:52.537Z" },
    { url = "https://files.pythonhosted.org/packages/f0/3a/fa34a0f7cfef23cf9500d68cb7c32dd64ffd58a12b09225fb03dd37d5b80/markupsafe-3.0.3-cp313-cp313-win_arm64.whl", hash = "sha256:7e68f88e5b8799aa49c85cd116c932a1ac15caaa3f5db09087854d218359e485", size = 13911, upload-time = "2025-09-27T18:36:53.513Z" },
    { url = "https://files.pythonhosted.org/packages/e4/d7/e05cd7efe43a88a17a37b3ae96e79a19e846f3f456fe79c57ca61356ef01/markupsafe-3.0.3-cp313-cp313t-macosx_10_13_x86_64.whl", hash = "sha256:218551f6df4868a8d527e3062d0fb968682fe92054e89978594c28e642c43a73", size = 11658, upload-time = "2025-09-27T18:36:54.819Z" },
    { url = "https://files.pythonhosted.org/packages/99/9e/e412117548182ce2148bdeacdda3bb494260c0b0184360fe0d56389b523b/markupsafe-3.0.3-cp313-cp313t-macosx_11_0_arm64.whl", hash = "sha256:3524b778fe5cfb3452a09d31e7b5adefeea8c5be1d43c4f810ba09f2ceb29d37", size = 12066, upload-time = "2025-09-27T18:36:55.714Z" },
    { url = "https://files.pythonhosted.org/packages/bc/e6/fa0ffcda717ef64a5108eaa7b4f5ed28d56122c9a6d70ab8b72f9f715c80/markupsafe-3.0.3-cp313-cp313t-manylinux2014_aarch64.manylinux_2_17_aarch64.manylinux_2_28_aarch64.whl", hash = "sha256:4e885a3d1efa2eadc93c894a21770e4bc67899e3543680313b09f139e149ab19", size = 25639, upload-time = "2025-09-27T18:36:56.908Z" },
    { url = "https://files.pythonhosted.org/packages/96/ec/2102e881fe9d25fc16cb4b25d5f5cde50970967ffa5dddafdb771237062d/markupsafe-3.0.3-cp313-cp313t-manylinux2014_x86_64.manylinux_2_17_x86_64.manylinux_2_28_x86_64.whl", hash = "sha256:8709b08f4a89aa7586de0aadc8da56180242ee0ada3999749b183aa23df95025", size = 23569, upload-time = "2025-09-27T18:36:57.913Z" },
    { url = "https://files.pythonhosted.org/packages/4b/30/6f2fce1f1f205fc9323255b216ca8a235b15860c34b6798f810f05828e32/markupsafe-3.0.3-cp313-cp313t-manylinux_2_31_riscv64.manylinux_2_39_riscv64.whl", hash = "sha256:b8512a91625c9b3da6f127803b166b629725e68af71f8184ae7e7d54686a56d6", size = 23284, upload-time = "2025-09-27T18:36:58.833Z" },
    { url = "https://files.pythonhosted.org/packages/58/47/4a0ccea4ab9f5dcb6f79c0236d954acb382202721e704223a8aafa38b5c8/markupsafe-3.0.3-cp313-cp313t-musllinux_1_2_aarch64.whl", hash = "sha256:9b79b7a16f7fedff2495d684f2b59b0457c3b493778c9eed31111be64d58279f", size = 24801, upload-time = "2025-09-27T18:36:59.739Z" },
    { url = "https://files.pythonhosted.org/packages/6a/70/3780e9b72180b6fecb83a4814d84c3bf4b4ae4bf0b19c27196104149734c/markupsafe-3.0.3-cp313-cp313t-musllinux_1_2_riscv64.whl", hash = "sha256:12c63dfb4a98206f045aa9563db46507995f7ef6d83b2f68eda65c307c6829eb", size = 22769, upload-time = "2025-09-27T18:37:00.719Z" },
    { url = "https://files.pythonhosted.org/packages/98/c5/c03c7f4125180fc215220c035beac6b9cb684bc7a067c84fc69414d315f5/markupsafe-3.0.3-cp313-cp313t-musllinux_1_2_x86_64.whl", hash = "sha256:8f71bc33915be5186016f675cd83a1e08523649b0e33efdb898db577ef5bb009", size = 23642, upload-time = "2025-09-27T18:37:01.673Z" },
    { url = "https://files.pythonhosted.org/packages/80/d6/2d1b89f6ca4bff1036499b1e29a1d02d282259f3681540e16563f27ebc23/markupsafe-3.0.3-cp313-cp313t-win32.whl", hash = "sha256:69c0b73548bc525c8cb9a251cddf1931d1db4d2258e9599c28c07ef3580ef354", size = 14612, upload-time = "2025-09-27T18:37:02.639Z" },
    { url = "https://files.pythonhosted.org/packages/2b/98/e48a4bfba0a0ffcf9925fe2d69240bfaa19c6f7507b8cd09c70684a53c1e/markupsafe-3.0.3-cp313-cp313t-win_amd64.whl", hash = "sha256:1b4b79e8ebf6b55351f0d91fe80f893b4743f104bff22e90697db1590e47a218", size = 15200, upload-time = "2025-09-27T18:37:03.582Z" },
    { url = "https://files.pythonhosted.org/packages/0e/72/e3cc540f351f316e9ed0f092757459afbc595824ca724cbc5a5d4263713f/markupsafe-3.0.3-cp313-cp313t-win_arm64.whl", hash = "sha256:ad2cf8aa28b8c020ab2fc8287b0f823d0a7d8630784c31e9ee5edea20f406287", size = 13973, upload-time = "2025-09-27T18:37:04.929Z" },
]

[[package]]
name = "packaging"
version = "25.0"
source = { registry = "https://pypi.org/simple" }
sdist = { url = "https://files.pythonhosted.org/packages/a1/d4/1fc4078c65507b51b96ca8f8c3ba19e6a61c8253c72794544580a7b6c24d/packaging-25.0.tar.gz", hash = "sha256:d443872c98d677bf60f6a1f2f8c1cb748e8fe762d2bf9d3148b5599295b0fc4f", size = 165727, upload-time = "2025-04-19T11:48:59.673Z" }
wheels = [
    { url = "https://files.pythonhosted.org/packages/20/12/38679034af332785aac8774540895e234f4d07f7545804097de4b666afd8/packaging-25.0-py3-none-any.whl", hash = "sha256:29572ef2b1f17581046b3a2227d5c611fb25ec70ca1ba8554b24b0e69331a484", size = 66469, upload-time = "2025-04-19T11:48:57.875Z" },
]

[[package]]
name = "pluggy"
version = "1.6.0"
source = { registry = "https://pypi.org/simple" }
sdist = { url = "https://files.pythonhosted.org/packages/f9/e2/3e91f31a7d2b083fe6ef3fa267035b518369d9511ffab804f839851d2779/pluggy-1.6.0.tar.gz", hash = "sha256:7dcc130b76258d33b90f61b658791dede3486c3e6bfb003ee5c9bfb396dd22f3", size = 69412, upload-time = "2025-05-15T12:30:07.975Z" }
wheels = [
    { url = "https://files.pythonhosted.org/packages/54/20/4d324d65cc6d9205fabedc306948156824eb9f0ee1633355a8f7ec5c66bf/pluggy-1.6.0-py3-none-any.whl", hash = "sha256:e920276dd6813095e9377c0bc5566d94c932c33b27a3e3945d8389c374dd4746", size = 20538, upload-time = "2025-05-15T12:30:06.134Z" },
]

[[package]]
name = "pydantic"
version = "2.12.5"
source = { registry = "https://pypi.org/simple" }
dependencies = [
    { name = "annotated-types" },
    { name = "pydantic-core" },
    { name = "typing-extensions" },
    { name = "typing-inspection" },
]
sdist = { url = "https://files.pythonhosted.org/packages/69/44/36f1a6e523abc58ae5f928898e4aca2e0ea509b5aa6f6f392a5d882be928/pydantic-2.12.5.tar.gz", hash = "sha256:4d351024c75c0f085a9febbb665ce8c0c6ec5d30e903bdb6394b7ede26aebb49", size = 821591, upload-time = "2025-11-26T15:11:46.471Z" }
wheels = [
    { url = "https://files.pythonhosted.org/packages/5a/87/b70ad306ebb6f9b585f114d0ac2137d792b48be34d732d60e597c2f8465a/pydantic-2.12.5-py3-none-any.whl", hash = "sha256:e561593fccf61e8a20fc46dfc2dfe075b8be7d0188df33f221ad1f0139180f9d", size = 463580, upload-time = "2025-11-26T15:11:44.605Z" },
]

[[package]]
name = "pydantic-core"
version = "2.41.5"
source = { registry = "https://pypi.org/simple" }
dependencies = [
    { name = "typing-extensions" },
]
sdist = { url = "https://files.pythonhosted.org/packages/71/70/23b021c950c2addd24ec408e9ab05d59b035b39d97cdc1130e1bce647bb6/pydantic_core-2.41.5.tar.gz", hash = "sha256:08daa51ea16ad373ffd5e7606252cc32f07bc72b28284b6bc9c6df804816476e", size = 460952, upload-time = "2025-11-04T13:43:49.098Z" }
wheels = [
    { url = "https://files.pythonhosted.org/packages/87/06/8806241ff1f70d9939f9af039c6c35f2360cf16e93c2ca76f184e76b1564/pydantic_core-2.41.5-cp313-cp313-macosx_10_12_x86_64.whl", hash = "sha256:941103c9be18ac8daf7b7adca8228f8ed6bb7a1849020f643b3a14d15b1924d9", size = 2120403, upload-time = "2025-11-04T13:40:25.248Z" },
    { url = "https://files.pythonhosted.org/packages/94/02/abfa0e0bda67faa65fef1c84971c7e45928e108fe24333c81f3bfe35d5f5/pydantic_core-2.41.5-cp313-cp313-macosx_11_0_arm64.whl", hash = "sha256:112e305c3314f40c93998e567879e887a3160bb8689ef3d2c04b6cc62c33ac34", size = 1896206, upload-time = "2025-11-04T13:40:27.099Z" },
    { url = "https://files.pythonhosted.org/packages/15/df/a4c740c0943e93e6500f9eb23f4ca7ec9bf71b19e608ae5b579678c8d02f/pydantic_core-2.41.5-cp313-cp313-manylinux_2_17_aarch64.manylinux2014_aarch64.whl", hash = "sha256:0cbaad15cb0c90aa221d43c00e77bb33c93e8d36e0bf74760cd00e732d10a6a0", size = 1919307, upload-time = "2025-11-04T13:40:29.806Z" },
    { url = "https://files.pythonhosted.org/packages/9a/e3/6324802931ae1d123528988e0e86587c2072ac2e5394b4bc2bc34b61ff6e/pydantic_core-2.41.5-cp313-cp313-manylinux_2_17_armv7l.manylinux2014_armv7l.whl", hash = "sha256:03ca43e12fab6023fc79d28ca6b39b05f794ad08ec2feccc59a339b02f2b3d33", size = 2063258, upload-time = "2025-11-04T13:40:33.544Z" },
    { url = "https://files.pythonhosted.org/packages/c9/d4/2230d7151d4957dd79c3044ea26346c148c98fbf0ee6ebd41056f2d62ab5/pydantic_core-2.41.5-cp313-cp313-manylinux_2_17_ppc64le.manylinux2014_ppc64le.whl", hash = "sha256:dc799088c08fa04e43144b164feb0c13f9a0bc40503f8df3e9fde58a3c0c101e", size = 2214917, upload-time = "2025-11-04T13:40:35.479Z" },
    { url = "https://files.pythonhosted.org/packages/e6/9f/eaac5df17a3672fef0081b6c1bb0b82b33ee89aa5cec0d7b05f52fd4a1fa/pydantic_core-2.41.5-cp313-cp313-manylinux_2_17_s390x.manylinux2014_s390x.whl", hash = "sha256:97aeba56665b4c3235a0e52b2c2f5ae9cd071b8a8310ad27bddb3f7fb30e9aa2", size = 2332186, upload-time = "2025-11-04T13:40:37.436Z" },
    { url = "https://files.pythonhosted.org/packages/cf/4e/35a80cae583a37cf15604b44240e45c05e04e86f9cfd766623149297e971/pydantic_core-2.41.5-cp313-cp313-manylinux_2_17_x86_64.manylinux2014_x86_64.whl", hash = "sha256:406bf18d345822d6c21366031003612b9c77b3e29ffdb0f612367352aab7d586", size = 2073164, upload-time = "2025-11-04T13:40:40.289Z" },
    { url = "https://files.pythonhosted.org/packages/bf/e3/f6e262673c6140dd3305d144d032f7bd5f7497d3871c1428521f19f9efa2/pydantic_core-2.41.5-cp313-cp313-manylinux_2_5_i686.manylinux1_i686.whl", hash = "sha256:b93590ae81f7010dbe380cdeab6f515902ebcbefe0b9327cc4804d74e93ae69d", size = 2179146, upload-time = "2025-11-04T13:40:42.809Z" },
    { url = "https://files.pythonhosted.org/packages/75/c7/20bd7fc05f0c6ea2056a4565c6f36f8968c0924f19b7d97bbfea55780e73/pydantic_core-2.41.5-cp313-cp313-musllinux_1_1_aarch64.whl", hash = "sha256:01a3d0ab748ee531f4ea6c3e48ad9dac84ddba4b0d82291f87248f2f9de8d740", size = 2137788, upload-time = "2025-11-04T13:40:44.752Z" },
    { url = "https://files.pythonhosted.org/packages/3a/8d/34318ef985c45196e004bc46c6eab2eda437e744c124ef0dbe1ff2c9d06b/pydantic_core-2.41.5-cp313-cp313-musllinux_1_1_armv7l.whl", hash = "sha256:6561e94ba9dacc9c61bce40e2d6bdc3bfaa0259d3ff36ace3b1e6901936d2e3e", size = 2340133, upload-time = "2025-11-04T13:40:46.66Z" },
    { url = "https://files.pythonhosted.org/packages/9c/59/013626bf8c78a5a5d9350d12e7697d3d4de951a75565496abd40ccd46bee/pydantic_core-2.41.5-cp313-cp313-musllinux_1_1_x86_64.whl", hash = "sha256:915c3d10f81bec3a74fbd4faebe8391013ba61e5a1a8d48c4455b923bdda7858", size = 2324852, upload-time = "2025-11-04T13:40:48.575Z" },
    { url = "https://files.pythonhosted.org/packages/1a/d9/c248c103856f807ef70c18a4f986693a46a8ffe1602e5d361485da502d20/pydantic_core-2.41.5-cp313-cp313-win32.whl", hash = "sha256:650ae77860b45cfa6e2cdafc42618ceafab3a2d9a3811fcfbd3bbf8ac3c40d36", size = 1994679, upload-time = "2025-11-04T13:40:50.619Z" },
    { url = "https://files.pythonhosted.org/packages/9e/8b/341991b158ddab181cff136acd2552c9f35bd30380422a639c0671e99a91/pydantic_core-2.41.5-cp313-cp313-win_amd64.whl", hash = "sha256:79ec52ec461e99e13791ec6508c722742ad745571f234ea6255bed38c6480f11", size = 2019766, upload-time = "2025-11-04T13:40:52.631Z" },
    { url = "https://files.pythonhosted.org/packages/73/7d/f2f9db34af103bea3e09735bb40b021788a5e834c81eedb541991badf8f5/pydantic_core-2.41.5-cp313-cp313-win_arm64.whl", hash = "sha256:3f84d5c1b4ab906093bdc1ff10484838aca54ef08de4afa9de0f5f14d69639cd", size = 1981005, upload-time = "2025-11-04T13:40:54.734Z" },
]

[[package]]
name = "pygments"
version = "2.19.2"
source = { registry = "https://pypi.org/simple" }
sdist = { url = "https://files.pythonhosted.org/packages/b0/77/a5b8c569bf593b0140bde72ea885a803b82086995367bf2037de0159d924/pygments-2.19.2.tar.gz", hash = "sha256:636cb2477cec7f8952536970bc533bc43743542f70392ae026374600add5b887", size = 4968631, upload-time = "2025-06-21T13:39:12.283Z" }
wheels = [
    { url = "https://files.pythonhosted.org/packages/c7/21/705964c7812476f378728bdf590ca4b771ec72385c533964653c68e86bdc/pygments-2.19.2-py3-none-any.whl", hash = "sha256:86540386c03d588bb81d44bc3928634ff26449851e99741617ecb9037ee5ec0b", size = 1225217, upload-time = "2025-06-21T13:39:07.939Z" },
]

[[package]]
name = "pytest"
version = "9.0.1"
source = { registry = "https://pypi.org/simple" }
dependencies = [
    { name = "colorama", marker = "sys_platform == 'win32'" },
    { name = "iniconfig" },
    { name = "packaging" },
    { name = "pluggy" },
    { name = "pygments" },
]
sdist = { url = "https://files.pythonhosted.org/packages/07/56/f013048ac4bc4c1d9be45afd4ab209ea62822fb1598f40687e6bf45dcea4/pytest-9.0.1.tar.gz", hash = "sha256:3e9c069ea73583e255c3b21cf46b8d3c56f6e3a1a8f6da94ccb0fcf57b9d73c8", size = 1564125, upload-time = "2025-11-12T13:05:09.333Z" }
wheels = [
    { url = "https://files.pythonhosted.org/packages/0b/8b/6300fb80f858cda1c51ffa17075df5d846757081d11ab4aa35cef9e6258b/pytest-9.0.1-py3-none-any.whl", hash = "sha256:67be0030d194df2dfa7b556f2e56fb3c3315bd5c8822c6951162b92b32ce7dad", size = 373668, upload-time = "2025-11-12T13:05:07.379Z" },
]

[[package]]
name = "pytest-asyncio"
version = "1.3.0"
source = { registry = "https://pypi.org/simple" }
dependencies = [
    { name = "pytest" },
]
sdist = { url = "https://files.pythonhosted.org/packages/90/2c/8af215c0f776415f3590cac4f9086ccefd6fd463befeae41cd4d3f193e5a/pytest_asyncio-1.3.0.tar.gz", hash = "sha256:d7f52f36d231b80ee124cd216ffb19369aa168fc10095013c6b014a34d3ee9e5", size = 50087, upload-time = "2025-11-10T16:07:47.256Z" }
wheels = [
    { url = "https://files.pythonhosted.org/packages/e5/35/f8b19922b6a25bc0880171a2f1a003eaeb93657475193ab516fd87cac9da/pytest_asyncio-1.3.0-py3-none-any.whl", hash = "sha256:611e26147c7f77640e6d0a92a38ed17c3e9848063698d5c93d5aa7aa11cebff5", size = 15075, upload-time = "2025-11-10T16:07:45.537Z" },
]

[[package]]
name = "pytest-dotenv"
version = "0.5.2"
source = { registry = "https://pypi.org/simple" }
dependencies = [
    { name = "pytest" },
    { name = "python-dotenv" },
]
sdist = { url = "https://files.pythonhosted.org/packages/cd/b0/cafee9c627c1bae228eb07c9977f679b3a7cb111b488307ab9594ba9e4da/pytest-dotenv-0.5.2.tar.gz", hash = "sha256:2dc6c3ac6d8764c71c6d2804e902d0ff810fa19692e95fe138aefc9b1aa73732", size = 3782, upload-time = "2020-06-16T12:38:03.4Z" }
wheels = [
    { url = "https://files.pythonhosted.org/packages/d0/da/9da67c67b3d0963160e3d2cbc7c38b6fae342670cc8e6d5936644b2cf944/pytest_dotenv-0.5.2-py3-none-any.whl", hash = "sha256:40a2cece120a213898afaa5407673f6bd924b1fa7eafce6bda0e8abffe2f710f", size = 3993, upload-time = "2020-06-16T12:38:01.139Z" },
]

[[package]]
name = "python-dotenv"
version = "1.2.1"
source = { registry = "https://pypi.org/simple" }
sdist = { url = "https://files.pythonhosted.org/packages/f0/26/19cadc79a718c5edbec86fd4919a6b6d3f681039a2f6d66d14be94e75fb9/python_dotenv-1.2.1.tar.gz", hash = "sha256:42667e897e16ab0d66954af0e60a9caa94f0fd4ecf3aaf6d2d260eec1aa36ad6", size = 44221, upload-time = "2025-10-26T15:12:10.434Z" }
wheels = [
    { url = "https://files.pythonhosted.org/packages/14/1b/a298b06749107c305e1fe0f814c6c74aea7b2f1e10989cb30f544a1b3253/python_dotenv-1.2.1-py3-none-any.whl", hash = "sha256:b81ee9561e9ca4004139c6cbba3a238c32b03e4894671e181b671e8cb8425d61", size = 21230, upload-time = "2025-10-26T15:12:09.109Z" },
]

[[package]]
name = "qa-service"
version = "0.1.0"
source = { virtual = "." }
dependencies = [
    { name = "alembic" },
    { name = "asyncpg" },
    { name = "fastapi" },
    { name = "greenlet" },
    { name = "httpx" },
    { name = "pytest" },
    { name = "pytest-asyncio" },
    { name = "pytest-dotenv" },
    { name = "sqlalchemy" },
    { name = "uvicorn" },
]

[package.metadata]
requires-dist = [
    { name = "alembic", specifier = ">=1.17.2" },
    { name = "asyncpg", specifier = ">=0.30.0" },
    { name = "fastapi", specifier = ">=0.121.3" },
    { name = "greenlet", specifier = ">=3.2.4" },
    { name = "httpx", specifier = ">=0.28.1" },
    { name = "pytest", specifier = ">=9.0.1" },
    { name = "pytest-asyncio", specifier = ">=1.3.0" },
    { name = "pytest-dotenv", specifier = ">=0.5.2" },
    { name = "sqlalchemy", specifier = ">=2.0.44" },
    { name = "uvicorn", specifier = ">=0.38.0" },
]

[[package]]
name = "sniffio"
version = "1.3.1"
source = { registry = "https://pypi.org/simple" }
sdist = { url = "https://files.pythonhosted.org/packages/a2/87/a6771e1546d97e7e041b6ae58d80074f81b7d5121207425c964ddf5cfdbd/sniffio-1.3.1.tar.gz", hash = "sha256:f4324edc670a0f49750a81b895f35c3adb843cca46f0530f79fc1babb23789dc", size = 20372, upload-time = "2024-02-25T23:20:04.057Z" }
wheels = [
    { url = "https://files.pythonhosted.org/packages/e9/44/75a9c9421471a6c4805dbf2356f7c181a29c1879239abab1ea2cc8f38b40/sniffio-1.3.1-py3-none-any.whl", hash = "sha256:2f6da418d1f1e0fddd844478f41680e794e6051915791a034ff65e5f100525a2", size = 10235, upload-time = "2024-02-25T23:20:01.196Z" },
]

[[package]]
name = "sqlalchemy"
version = "2.0.44"
source = { registry = "https://pypi.org/simple" }
dependencies = [
    { name = "greenlet", marker = "platform_machine == 'AMD64' or platform_machine == 'WIN32' or platform_machine == 'aarch64' or platform_machine == 'amd64' or platform_machine == 'ppc64le' or platform_machine == 'win32' or platform_machine == 'x86_64'" },
    { name = "typing-extensions" },
]
sdist = { url = "https://files.pythonhosted.org/packages/f0/f2/840d7b9496825333f532d2e3976b8eadbf52034178aac53630d09fe6e1ef/sqlalchemy-2.0.44.tar.gz", hash = "sha256:0ae7454e1ab1d780aee69fd2aae7d6b8670a581d8847f2d1e0f7ddfbf47e5a22", size = 9819830, upload-time = "2025-10-10T14:39:12.935Z" }
wheels = [
    { url = "https://files.pythonhosted.org/packages/45/d3/c67077a2249fdb455246e6853166360054c331db4613cda3e31ab1cadbef/sqlalchemy-2.0.44-cp313-cp313-macosx_10_13_x86_64.whl", hash = "sha256:ff486e183d151e51b1d694c7aa1695747599bb00b9f5f604092b54b74c64a8e1", size = 2135479, upload-time = "2025-10-10T16:03:37.671Z" },
    { url = "https://files.pythonhosted.org/packages/2b/91/eabd0688330d6fd114f5f12c4f89b0d02929f525e6bf7ff80aa17ca802af/sqlalchemy-2.0.44-cp313-cp313-macosx_11_0_arm64.whl", hash = "sha256:0b1af8392eb27b372ddb783b317dea0f650241cea5bd29199b22235299ca2e45", size = 2123212, upload-time = "2025-10-10T16:03:41.755Z" },
    { url = "https://files.pythonhosted.org/packages/b0/bb/43e246cfe0e81c018076a16036d9b548c4cc649de241fa27d8d9ca6f85ab/sqlalchemy-2.0.44-cp313-cp313-manylinux_2_17_aarch64.manylinux2014_aarch64.whl", hash = "sha256:2b61188657e3a2b9ac4e8f04d6cf8e51046e28175f79464c67f2fd35bceb0976", size = 3255353, upload-time = "2025-10-10T15:35:31.221Z" },
    { url = "https://files.pythonhosted.org/packages/b9/96/c6105ed9a880abe346b64d3b6ddef269ddfcab04f7f3d90a0bf3c5a88e82/sqlalchemy-2.0.44-cp313-cp313-manylinux_2_17_x86_64.manylinux2014_x86_64.whl", hash = "sha256:b87e7b91a5d5973dda5f00cd61ef72ad75a1db73a386b62877d4875a8840959c", size = 3260222, upload-time = "2025-10-10T15:43:50.124Z" },
    { url = "https://files.pythonhosted.org/packages/44/16/1857e35a47155b5ad927272fee81ae49d398959cb749edca6eaa399b582f/sqlalchemy-2.0.44-cp313-cp313-musllinux_1_2_aarch64.whl", hash = "sha256:15f3326f7f0b2bfe406ee562e17f43f36e16167af99c4c0df61db668de20002d", size = 3189614, upload-time = "2025-10-10T15:35:32.578Z" },
    { url = "https://files.pythonhosted.org/packages/88/ee/4afb39a8ee4fc786e2d716c20ab87b5b1fb33d4ac4129a1aaa574ae8a585/sqlalchemy-2.0.44-cp313-cp313-musllinux_1_2_x86_64.whl", hash = "sha256:1e77faf6ff919aa8cd63f1c4e561cac1d9a454a191bb864d5dd5e545935e5a40", size = 3226248, upload-time = "2025-10-10T15:43:51.862Z" },
    { url = "https://files.pythonhosted.org/packages/32/d5/0e66097fc64fa266f29a7963296b40a80d6a997b7ac13806183700676f86/sqlalchemy-2.0.44-cp313-cp313-win32.whl", hash = "sha256:ee51625c2d51f8baadf2829fae817ad0b66b140573939dd69284d2ba3553ae73", size = 2101275, upload-time = "2025-10-10T15:03:26.096Z" },
    { url = "https://files.pythonhosted.org/packages/03/51/665617fe4f8c6450f42a6d8d69243f9420f5677395572c2fe9d21b493b7b/sqlalchemy-2.0.44-cp313-cp313-win_amd64.whl", hash = "sha256:c1c80faaee1a6c3428cecf40d16a2365bcf56c424c92c2b6f0f9ad204b899e9e", size = 2127901, upload-time = "2025-10-10T15:03:27.548Z" },
    { url = "https://files.pythonhosted.org/packages/9c/5e/6a29fa884d9fb7ddadf6b69490a9d45fded3b38541713010dad16b77d015/sqlalchemy-2.0.44-py3-none-any.whl", hash = "sha256:19de7ca1246fbef9f9d1bff8f1ab25641569df226364a0e40457dc5457c54b05", size = 1928718, upload-time = "2025-10-10T15:29:45.32Z" },
]

[[package]]
name = "starlette"
version = "0.50.0"
source = { registry = "https://pypi.org/simple" }
dependencies = [
    { name = "anyio" },
]
sdist = { url = "https://files.pythonhosted.org/packages/ba/b8/73a0e6a6e079a9d9cfa64113d771e421640b6f679a52eeb9b32f72d871a1/starlette-0.50.0.tar.gz", hash = "sha256:a2a17b22203254bcbc2e1f926d2d55f3f9497f769416b3190768befe598fa3ca", size = 2646985, upload-time = "2025-11-01T15:25:27.516Z" }
wheels = [
    { url = "https://files.pythonhosted.org/packages/d9/52/1064f510b141bd54025f9b55105e26d1fa970b9be67ad766380a3c9b74b0/starlette-0.50.0-py3-none-any.whl", hash = "sha256:9e5391843ec9b6e472eed1365a78c8098cfceb7a74bfd4d6b1c0c0095efb3bca", size = 74033, upload-time = "2025-11-01T15:25:25.461Z" },
]

[[package]]
name = "typing-extensions"
version = "4.15.0"
source = { registry = "https://pypi.org/simple" }
sdist = { url = "https://files.pythonhosted.org/packages/72/94/1a15dd82efb362ac84269196e94cf00f187f7ed21c242792a923cdb1c61f/typing_extensions-4.15.0.tar.gz", hash = "sha256:0cea48d173cc12fa28ecabc3b837ea3cf6f38c6d1136f85cbaaf598984861466", size = 109391, upload-time = "2025-08-25T13:49:26.313Z" }
wheels = [
    { url = "https://files.pythonhosted.org/packages/18/67/36e9267722cc04a6b9f15c7f3441c2363321a3ea07da7ae0c0707beb2a9c/typing_extensions-4.15.0-py3-none-any.whl", hash = "sha256:f0fa19c6845758ab08074a0cfa8b7aecb71c999ca73d62883bc25cc018c4e548", size = 44614, upload-time = "2025-08-25T13:49:24.86Z" },
]

[[package]]
name = "typing-inspection"
version = "0.4.2"
source = { registry = "https://pypi.org/simple" }
dependencies = [
    { name = "typing-extensions" },
]
sdist = { url = "https://files.pythonhosted.org/packages/55/e3/70399cb7dd41c10ac53367ae42139cf4b1ca5f36bb3dc6c9d33acdb43655/typing_inspection-0.4.2.tar.gz", hash = "sha256:ba561c48a67c5958007083d386c3295464928b01faa735ab8547c5692e87f464", size = 75949, upload-time = "2025-10-01T02:14:41.687Z" }
wheels = [
    { url = "https://files.pythonhosted.org/packages/dc/9b/47798a6c91d8bdb567fe2698fe81e0c6b7cb7ef4d13da4114b41d239f65d/typing_inspection-0.4.2-py3-none-any.whl", hash = "sha256:4ed1cacbdc298c220f1bd249ed5287caa16f34d44ef4e9c3d0cbad5b521545e7", size = 14611, upload-time = "2025-10-01T02:14:40.154Z" },
]

[[package]]
name = "uvicorn"
version = "0.38.0"
source = { registry = "https://pypi.org/simple" }
dependencies = [
    { name = "click" },
    { name = "h11" },
]
sdist = { url = "https://files.pythonhosted.org/packages/cb/ce/f06b84e2697fef4688ca63bdb2fdf113ca0a3be33f94488f2cadb690b0cf/uvicorn-0.38.0.tar.gz", hash = "sha256:fd97093bdd120a2609fc0d3afe931d4d4ad688b6e75f0f929fde1bc36fe0e91d", size = 80605, upload-time = "2025-10-18T13:46:44.63Z" }
wheels = [
    { url = "https://files.pythonhosted.org/packages/ee/d9/d88e73ca598f4f6ff671fb5fde8a32925c2e08a637303a1d12883c7305fa/uvicorn-0.38.0-py3-none-any.whl", hash = "sha256:48c0afd214ceb59340075b4a052ea1ee91c16fbc2a9b1469cca0e54566977b02", size = 68109, upload-time = "2025-10-18T13:46:42.958Z" },
]
